<?xml version="1.0" encoding="utf-8"?>
<Project ToolsVersion="4.0" xmlns="http://schemas.microsoft.com/developer/msbuild/2003">
  <ItemGroup>
    <Filter Include="Archivos de encabezado">
      <UniqueIdentifier>{93995380-89BD-4b04-88EB-625FBE52EBFB}</UniqueIdentifier>
      <Extensions>h;hh;hpp;hxx;hm;inl;inc;xsd</Extensions>
    </Filter>
    <Filter Include="Archivos de encabezado\Gestores">
      <UniqueIdentifier>{a30bcf07-88e1-44ff-8996-2f21a023326b}</UniqueIdentifier>
    </Filter>
    <Filter Include="Archivos de codigo fuente">
      <UniqueIdentifier>{4FC737F1-C7A5-4376-A066-2A32D752A2FF}</UniqueIdentifier>
      <Extensions>cpp;c;cc;cxx;def;odl;idl;hpj;bat;asm;asmx</Extensions>
    </Filter>
    <Filter Include="Archivos de codigo fuente\Gestores">
      <UniqueIdentifier>{aad7f1d9-d189-4c42-94ff-e9133b7ba7b2}</UniqueIdentifier>
    </Filter>
    <Filter Include="Archivos de codigo fuente\Resource Files">
      <UniqueIdentifier>{67DA6AB6-F800-4c08-8B7A-83BB121AAD01}</UniqueIdentifier>
      <Extensions>rc;ico;cur;bmp;dlg;rc2;rct;bin;rgs;gif;jpg;jpeg;jpe;resx;tiff;tif;png;wav;mfcribbon-ms</Extensions>
    </Filter>
    <Filter Include="Archivos de encabezado\Inventario">
      <UniqueIdentifier>{13ef621c-d1a4-4f37-baf8-c5fead562872}</UniqueIdentifier>
    </Filter>
    <Filter Include="Archivos de codigo fuente\Inventario">
      <UniqueIdentifier>{96ed03a3-067d-414f-8303-7f2507f16085}</UniqueIdentifier>
    </Filter>
    <Filter Include="Archivos de codigo fuente\Inventario\Pasillos">
      <UniqueIdentifier>{90543963-ae7e-4fdd-8f48-76b9393861df}</UniqueIdentifier>
    </Filter>
    <Filter Include="Archivos de codigo fuente\Inventario\Lineas generales">
      <UniqueIdentifier>{f691c24f-c75b-43ad-9f9b-25f928f7f77b}</UniqueIdentifier>
    </Filter>
    <Filter Include="Archivos de encabezado\Inventario\Pasillos">
      <UniqueIdentifier>{531b1c09-0f50-4e9c-baef-f9e9ab8c8602}</UniqueIdentifier>
    </Filter>
    <Filter Include="Archivos de encabezado\Inventario\Lineas generales">
      <UniqueIdentifier>{63f9baa8-c637-443a-9461-cdbb5bce8789}</UniqueIdentifier>
    </Filter>
    <Filter Include="Archivos de encabezado\Inventario\Articulos">
      <UniqueIdentifier>{40add3b7-e1e5-4954-bb71-aeefdc8fea4a}</UniqueIdentifier>
    </Filter>
    <Filter Include="Archivos de codigo fuente\Inventario\Articulos">
      <UniqueIdentifier>{f5697321-a07e-433e-b024-50c8f356e747}</UniqueIdentifier>
    </Filter>
    <Filter Include="Archivos de codigo fuente\Inventario\Lineas especificas">
      <UniqueIdentifier>{ccf05c86-efff-465b-ab96-76b7613f6e6a}</UniqueIdentifier>
    </Filter>
    <Filter Include="Archivos de encabezado\Inventario\Lineas especificas">
      <UniqueIdentifier>{e08b7b80-3b14-4da0-aaa7-8976c940d9fb}</UniqueIdentifier>
    </Filter>
    <Filter Include="Archivos de codigo fuente\Compras">
      <UniqueIdentifier>{6cdc429a-dd0a-45c3-bd1a-4e14ad6fd5d3}</UniqueIdentifier>
    </Filter>
    <Filter Include="Archivos de encabezado\Compras">
      <UniqueIdentifier>{35636789-7a85-48ec-b964-061b0eaf6c53}</UniqueIdentifier>
    </Filter>
    <Filter Include="Archivos de encabezado\Usuarios">
      <UniqueIdentifier>{89ba8a77-1d89-4587-961b-9c7ca2d44a32}</UniqueIdentifier>
    </Filter>
    <Filter Include="Archivos de codigo fuente\Usuarios">
      <UniqueIdentifier>{a6eebe03-6049-4ab5-8b6c-25b7802612ff}</UniqueIdentifier>
    </Filter>
    <Filter Include="Archivos de codigo fuente\Compras\Carrito">
      <UniqueIdentifier>{7527f95c-ac95-429d-a1ac-f4ba64a6eb10}</UniqueIdentifier>
    </Filter>
    <Filter Include="Archivos de encabezado\Compras\Carrito">
      <UniqueIdentifier>{bc7ee824-e247-438c-bb64-a20348691b67}</UniqueIdentifier>
    </Filter>
    <Filter Include="Archivos de codigo fuente\Compras\ListaCompra">
      <UniqueIdentifier>{96a0819d-0003-40be-9efc-568d97d76634}</UniqueIdentifier>
    </Filter>
    <Filter Include="Archivos de encabezado\Compras\ListaCompra">
      <UniqueIdentifier>{c94a9cc2-4ece-4a72-b51f-b82c1596af68}</UniqueIdentifier>
    </Filter>
    <Filter Include="Interfaz">
      <UniqueIdentifier>{0c339ac4-6d33-48b4-8469-40f1e44fe0cf}</UniqueIdentifier>
    </Filter>
    <Filter Include="Archivos de encabezado\Compras\Entrega">
      <UniqueIdentifier>{779b7211-e29a-4fff-b004-1c9828511def}</UniqueIdentifier>
    </Filter>
    <Filter Include="Archivos de codigo fuente\Compras\Entrega">
      <UniqueIdentifier>{102956e3-9fb7-4506-b073-324debedd87d}</UniqueIdentifier>
    </Filter>
  </ItemGroup>
  <ItemGroup>
    <Text Include="ReadMe.txt" />
    <Text Include="Ficheros\articulos.txt" />
    <Text Include="Ficheros\carritos.txt" />
    <Text Include="Ficheros\especificas.txt" />
    <Text Include="Ficheros\generales.txt" />
    <Text Include="Ficheros\pasillos.txt" />
    <Text Include="Ficheros\pedidos.txt" />
    <Text Include="Ficheros\usuarios.txt" />
  </ItemGroup>
  <ItemGroup>
    <ClInclude Include="stdafx.h">
      <Filter>Archivos de encabezado</Filter>
    </ClInclude>
    <ClInclude Include="targetver.h">
      <Filter>Archivos de encabezado</Filter>
    </ClInclude>
    <ClInclude Include="InfoArticulo.h">
      <Filter>Archivos de encabezado\Inventario\Articulos</Filter>
    </ClInclude>
    <ClInclude Include="ListaArticulo.h">
      <Filter>Archivos de encabezado\Inventario\Articulos</Filter>
    </ClInclude>
    <ClInclude Include="NodoArticulo.h">
      <Filter>Archivos de encabezado\Inventario\Articulos</Filter>
    </ClInclude>
    <ClInclude Include="GestorInventario.h">
      <Filter>Archivos de encabezado\Gestores</Filter>
    </ClInclude>
    <ClInclude Include="ListaPasillos.h">
      <Filter>Archivos de encabezado\Inventario\Pasillos</Filter>
    </ClInclude>
    <ClInclude Include="InfoPasillo.h">
      <Filter>Archivos de encabezado\Inventario\Pasillos</Filter>
    </ClInclude>
    <ClInclude Include="NodoPasillo.h">
      <Filter>Archivos de encabezado\Inventario\Pasillos</Filter>
    </ClInclude>
    <ClInclude Include="InfoGenerales.h">
      <Filter>Archivos de encabezado\Inventario\Lineas generales</Filter>
    </ClInclude>
    <ClInclude Include="ListaGenerales.h">
      <Filter>Archivos de encabezado\Inventario\Lineas generales</Filter>
    </ClInclude>
    <ClInclude Include="NodoGenerales.h">
      <Filter>Archivos de encabezado\Inventario\Lineas generales</Filter>
    </ClInclude>
    <ClInclude Include="NodoEspecifica.h">
      <Filter>Archivos de encabezado\Inventario\Lineas especificas</Filter>
    </ClInclude>
    <ClInclude Include="ListaEspecifica.h">
      <Filter>Archivos de encabezado\Inventario\Lineas especificas</Filter>
    </ClInclude>
    <ClInclude Include="InfoEspecifica.h">
      <Filter>Archivos de encabezado\Inventario\Lineas especificas</Filter>
    </ClInclude>
    <ClInclude Include="InfoUsuario.h">
      <Filter>Archivos de encabezado\Usuarios</Filter>
    </ClInclude>
    <ClInclude Include="ListaUsuario.h">
      <Filter>Archivos de encabezado\Usuarios</Filter>
    </ClInclude>
    <ClInclude Include="NodoUsuario.h">
      <Filter>Archivos de encabezado\Usuarios</Filter>
    </ClInclude>
    <ClInclude Include="GestorUsuarios.h">
      <Filter>Archivos de encabezado\Gestores</Filter>
    </ClInclude>
    <ClInclude Include="InfoCarrito.h">
      <Filter>Archivos de encabezado\Compras\Carrito</Filter>
    </ClInclude>
    <ClInclude Include="ListaCarrito.h">
      <Filter>Archivos de encabezado\Compras\Carrito</Filter>
    </ClInclude>
    <ClInclude Include="NodoCarrito.h">
      <Filter>Archivos de encabezado\Compras\Carrito</Filter>
    </ClInclude>
    <ClInclude Include="InfoCompra.h">
      <Filter>Archivos de encabezado\Compras\ListaCompra</Filter>
    </ClInclude>
    <ClInclude Include="ListaCompra.h">
      <Filter>Archivos de encabezado\Compras\ListaCompra</Filter>
    </ClInclude>
    <ClInclude Include="NodoCompra.h">
      <Filter>Archivos de encabezado\Compras\ListaCompra</Filter>
    </ClInclude>
    <ClInclude Include="UI.h">
      <Filter>Archivos de encabezado</Filter>
    </ClInclude>
    <ClInclude Include="GestorCompras.h">
      <Filter>Archivos de encabezado\Gestores</Filter>
    </ClInclude>
    <ClInclude Include="Utilitario.h">
      <Filter>Archivos de encabezado</Filter>
    </ClInclude>
    <ClInclude Include="colaEntregas.h">
      <Filter>Archivos de encabezado\Compras\Entrega</Filter>
    </ClInclude>
    <ClInclude Include="NodoEntrega.h">
      <Filter>Archivos de encabezado\Compras\Entrega</Filter>
    </ClInclude>
    <ClInclude Include="InfoEntrega.h">
      <Filter>Archivos de encabezado\Compras\Entrega</Filter>
    </ClInclude>
  </ItemGroup>
  <ItemGroup>
    <ClCompile Include="stdafx.cpp">
      <Filter>Archivos de codigo fuente</Filter>
    </ClCompile>
    <ClCompile Include="InfoArticulo.cpp">
      <Filter>Archivos de codigo fuente\Inventario\Articulos</Filter>
    </ClCompile>
    <ClCompile Include="ListaArticulo.cpp">
      <Filter>Archivos de codigo fuente\Inventario\Articulos</Filter>
    </ClCompile>
    <ClCompile Include="NodoArticulo.cpp">
      <Filter>Archivos de codigo fuente\Inventario\Articulos</Filter>
    </ClCompile>
    <ClCompile Include="GestorInventario.cpp">
      <Filter>Archivos de codigo fuente\Gestores</Filter>
    </ClCompile>
    <ClCompile Include="InfoPasillo.cpp">
      <Filter>Archivos de codigo fuente\Inventario\Pasillos</Filter>
    </ClCompile>
    <ClCompile Include="ListaPasillos.cpp">
      <Filter>Archivos de codigo fuente\Inventario\Pasillos</Filter>
    </ClCompile>
    <ClCompile Include="NodoPasillo.cpp">
      <Filter>Archivos de codigo fuente\Inventario\Pasillos</Filter>
    </ClCompile>
    <ClCompile Include="InfoGenerales.cpp">
      <Filter>Archivos de codigo fuente\Inventario\Lineas generales</Filter>
    </ClCompile>
    <ClCompile Include="ListaGenerales.cpp">
      <Filter>Archivos de codigo fuente\Inventario\Lineas generales</Filter>
    </ClCompile>
    <ClCompile Include="NodoGenerales.cpp">
      <Filter>Archivos de codigo fuente\Inventario\Lineas generales</Filter>
    </ClCompile>
    <ClCompile Include="InfoEspecifica.cpp">
      <Filter>Archivos de codigo fuente\Inventario\Lineas especificas</Filter>
    </ClCompile>
    <ClCompile Include="ListaEspecifica.cpp">
      <Filter>Archivos de codigo fuente\Inventario\Lineas especificas</Filter>
    </ClCompile>
    <ClCompile Include="NodoEspecifica.cpp">
      <Filter>Archivos de codigo fuente\Inventario\Lineas especificas</Filter>
    </ClCompile>
    <ClCompile Include="ListaUsuario.cpp">
      <Filter>Archivos de codigo fuente\Usuarios</Filter>
    </ClCompile>
    <ClCompile Include="NodoUsuario.cpp">
      <Filter>Archivos de codigo fuente\Usuarios</Filter>
    </ClCompile>
    <ClCompile Include="InfoUsuario.cpp">
      <Filter>Archivos de codigo fuente\Usuarios</Filter>
    </ClCompile>
    <ClCompile Include="GestorUsuarios.cpp">
      <Filter>Archivos de codigo fuente\Gestores</Filter>
    </ClCompile>
    <ClCompile Include="InfoCarrito.cpp">
      <Filter>Archivos de codigo fuente\Compras\Carrito</Filter>
    </ClCompile>
    <ClCompile Include="ListaCarrito.cpp">
      <Filter>Archivos de codigo fuente\Compras\Carrito</Filter>
    </ClCompile>
    <ClCompile Include="NodoCarrito.cpp">
      <Filter>Archivos de codigo fuente\Compras\Carrito</Filter>
    </ClCompile>
    <ClCompile Include="InfoCompra.cpp">
      <Filter>Archivos de codigo fuente\Compras\ListaCompra</Filter>
    </ClCompile>
    <ClCompile Include="ListaCompra.cpp">
      <Filter>Archivos de codigo fuente\Compras\ListaCompra</Filter>
    </ClCompile>
    <ClCompile Include="NodoCompra.cpp">
      <Filter>Archivos de codigo fuente\Compras\ListaCompra</Filter>
    </ClCompile>
    <ClCompile Include="GestorCompras.cpp">
      <Filter>Archivos de codigo fuente\Gestores</Filter>
    </ClCompile>
    <ClCompile Include="UI.cpp">
      <Filter>Archivos de codigo fuente</Filter>
    </ClCompile>
    <ClCompile Include="colaEntregas.cpp">
      <Filter>Archivos de codigo fuente\Compras\Entrega</Filter>
    </ClCompile>
    <ClCompile Include="InfoEntrega.cpp">
      <Filter>Archivos de codigo fuente\Compras\Entrega</Filter>
    </ClCompile>
    <ClCompile Include="NodoEntrega.cpp">
      <Filter>Archivos de codigo fuente\Compras\Entrega</Filter>
    </ClCompile>
  </ItemGroup>
  <ItemGroup>
    <EmbeddedResource Include="UI.resx">
      <Filter>Archivos de codigo fuente\Resource Files</Filter>
    </EmbeddedResource>
  </ItemGroup>
</Project>